
Microsoft Visual Studio Solution File, Format Version 12.00
# Visual Studio Version 17
VisualStudioVersion = 17.1.32421.90
MinimumVisualStudioVersion = 10.0.40219.1
Project("{FAE04EC0-301F-11D3-BF4B-00C04F79EFBC}") = "ServiceC2Beacon", "ServiceC2Beacon\ServiceC2Beacon.csproj", "{A013BC35-FBA6-45BF-9CA3-48A270C8E2D6}"
EndProject
Project("{FAE04EC0-301F-11D3-BF4B-00C04F79EFBC}") = "ServiceC2Server", "ServiceC2Server\ServiceC2Server.csproj", "{59CE1774-9C56-4A18-8763-13C507103D9E}"
EndProject
Global
	GlobalSection(SolutionConfigurationPlatforms) = preSolution
		Debug|Any CPU = Debug|Any CPU
		Release|Any CPU = Release|Any CPU
	EndGlobalSection
	GlobalSection(ProjectConfigurationPlatforms) = postSolution
		{A013BC35-FBA6-45BF-9CA3-48A270C8E2D6}.Debug|Any CPU.ActiveCfg = Debug|Any CPU
		{A013BC35-FBA6-45BF-9CA3-48A270C8E2D6}.Debug|Any CPU.Build.0 = Debug|Any CPU
		{A013BC35-FBA6-45BF-9CA3-48A270C8E2D6}.Release|Any CPU.ActiveCfg = Release|Any CPU
		{A013BC35-FBA6-45BF-9CA3-48A270C8E2D6}.Release|Any CPU.Build.0 = Release|Any CPU
		{59CE1774-9C56-4A18-8763-13C507103D9E}.Debug|Any CPU.ActiveCfg = Debug|Any CPU
		{59CE1774-9C56-4A18-8763-13C507103D9E}.Debug|Any CPU.Build.0 = Debug|Any CPU
		{59CE1774-9C56-4A18-8763-13C507103D9E}.Release|Any CPU.ActiveCfg = Release|Any CPU
		{59CE1774-9C56-4A18-8763-13C507103D9E}.Release|Any CPU.Build.0 = Release|Any CPU
	EndGlobalSection
	GlobalSection(SolutionProperties) = preSolution
		HideSolutionNode = FALSE
	EndGlobalSection
	GlobalSection(ExtensibilityGlobals) = postSolution
		SolutionGuid = {D0B9F93C-1539-405B-82D3-4FAD5EDD7E90}
	EndGlobalSection
EndGlobal
